
Microsoft Visual Studio Solution File, Format Version 12.00
# Visual Studio Version 17
VisualStudioVersion = 17.2.32630.192
MinimumVisualStudioVersion = 10.0.40219.1
Project("{FAE04EC0-301F-11D3-BF4B-00C04F79EFBC}") = "Week6FinalLKSDKI", "Week6\Week6FinalLKSDKI.csproj", "{12C99054-4728-4399-8E62-1765E4A70355}"
EndProject
Global
	GlobalSection(SolutionConfigurationPlatforms) = preSolution
		Debug|Any CPU = Debug|Any CPU
		Release|Any CPU = Release|Any CPU
	EndGlobalSection
	GlobalSection(ProjectConfigurationPlatforms) = postSolution
		{12C99054-4728-4399-8E62-1765E4A70355}.Debug|Any CPU.ActiveCfg = Debug|Any CPU
		{12C99054-4728-4399-8E62-1765E4A70355}.Debug|Any CPU.Build.0 = Debug|Any CPU
		{12C99054-4728-4399-8E62-1765E4A70355}.Release|Any CPU.ActiveCfg = Release|Any CPU
		{12C99054-4728-4399-8E62-1765E4A70355}.Release|Any CPU.Build.0 = Release|Any CPU
	EndGlobalSection
	GlobalSection(SolutionProperties) = preSolution
		HideSolutionNode = FALSE
	EndGlobalSection
	GlobalSection(ExtensibilityGlobals) = postSolution
		SolutionGuid = {A4BFFAC8-9560-4351-BAF2-E668326E5718}
	EndGlobalSection
EndGlobal
